
Microsoft Visual Studio Solution File, Format Version 12.00
# Visual Studio Version 16
VisualStudioVersion = 16.0.29920.165
MinimumVisualStudioVersion = 10.0.40219.1
Project("{8BC9CEB8-8B4A-11D0-8D11-00A0C91BC942}") = "RapidJSONSample", "RapidJSONSample.vcxproj", "{8F33BA80-ABD7-4A2A-8114-7B640B8609EB}"
EndProject
Global
	GlobalSection(SolutionConfigurationPlatforms) = preSolution
		Debug|x64 = Debug|x64
		Debug|x86 = Debug|x86
		Release|x64 = Release|x64
		Release|x86 = Release|x86
	EndGlobalSection
	GlobalSection(ProjectConfigurationPlatforms) = postSolution
		{8F33BA80-ABD7-4A2A-8114-7B640B8609EB}.Debug|x64.ActiveCfg = Debug|x64
		{8F33BA80-ABD7-4A2A-8114-7B640B8609EB}.Debug|x64.Build.0 = Debug|x64
		{8F33BA80-ABD7-4A2A-8114-7B640B8609EB}.Debug|x86.ActiveCfg = Debug|Win32
		{8F33BA80-ABD7-4A2A-8114-7B640B8609EB}.Debug|x86.Build.0 = Debug|Win32
		{8F33BA80-ABD7-4A2A-8114-7B640B8609EB}.Release|x64.ActiveCfg = Release|x64
		{8F33BA80-ABD7-4A2A-8114-7B640B8609EB}.Release|x64.Build.0 = Release|x64
		{8F33BA80-ABD7-4A2A-8114-7B640B8609EB}.Release|x86.ActiveCfg = Release|Win32
		{8F33BA80-ABD7-4A2A-8114-7B640B8609EB}.Release|x86.Build.0 = Release|Win32
	EndGlobalSection
	GlobalSection(SolutionProperties) = preSolution
		HideSolutionNode = FALSE
	EndGlobalSection
	GlobalSection(ExtensibilityGlobals) = postSolution
		SolutionGuid = {5D81F6E7-87F3-4E0D-B883-7AB0645C84BE}
	EndGlobalSection
EndGlobal
