
Microsoft Visual Studio Solution File, Format Version 12.00
# Visual Studio Version 16
VisualStudioVersion = 16.0.29920.165
MinimumVisualStudioVersion = 10.0.40219.1
Project("{FAE04EC0-301F-11D3-BF4B-00C04F79EFBC}") = "DirectoryWritable", "DirectoryWritable.csproj", "{D3AE6AA2-C8D6-4C7F-893D-499736FB1A5F}"
EndProject
Global
	GlobalSection(SolutionConfigurationPlatforms) = preSolution
		Debug|Any CPU = Debug|Any CPU
		Release|Any CPU = Release|Any CPU
	EndGlobalSection
	GlobalSection(ProjectConfigurationPlatforms) = postSolution
		{D3AE6AA2-C8D6-4C7F-893D-499736FB1A5F}.Debug|Any CPU.ActiveCfg = Debug|Any CPU
		{D3AE6AA2-C8D6-4C7F-893D-499736FB1A5F}.Debug|Any CPU.Build.0 = Debug|Any CPU
		{D3AE6AA2-C8D6-4C7F-893D-499736FB1A5F}.Release|Any CPU.ActiveCfg = Release|Any CPU
		{D3AE6AA2-C8D6-4C7F-893D-499736FB1A5F}.Release|Any CPU.Build.0 = Release|Any CPU
	EndGlobalSection
	GlobalSection(SolutionProperties) = preSolution
		HideSolutionNode = FALSE
	EndGlobalSection
	GlobalSection(ExtensibilityGlobals) = postSolution
		SolutionGuid = {9E5330F5-EDC0-433E-8482-C2982AC4D0BC}
	EndGlobalSection
EndGlobal
